// !$*UTF8*$!
{
	archiveVersion = 1;
	classes = {
	};
	objectVersion = 50;
	objects = {

/* Begin PBXBuildFile section */
		E0E70D292382C1FB00546899 /* AppDelegate.swift in Sources */ = {isa = PBXBuildFile; fileRef = E0E70D282382C1FB00546899 /* AppDelegate.swift */; };
		E0E70D2B2382C1FB00546899 /* SceneDelegate.swift in Sources */ = {isa = PBXBuildFile; fileRef = E0E70D2A2382C1FB00546899 /* SceneDelegate.swift */; };
		E0E70D302382C1FB00546899 /* Main.storyboard in Resources */ = {isa = PBXBuildFile; fileRef = E0E70D2E2382C1FB00546899 /* Main.storyboard */; };
		E0E70D322382C20000546899 /* Assets.xcassets in Resources */ = {isa = PBXBuildFile; fileRef = E0E70D312382C20000546899 /* Assets.xcassets */; };
		E0E70D352382C20000546899 /* LaunchScreen.storyboard in Resources */ = {isa = PBXBuildFile; fileRef = E0E70D332382C20000546899 /* LaunchScreen.storyboard */; };
		E0E70D442382DB2800546899 /* CurrentWeatherViewController.swift in Sources */ = {isa = PBXBuildFile; fileRef = E0E70D432382DB2800546899 /* CurrentWeatherViewController.swift */; };
		E0E70D462384236200546899 /* IssykKolViewController.swift in Sources */ = {isa = PBXBuildFile; fileRef = E0E70D452384236200546899 /* IssykKolViewController.swift */; };
		E0E70D4A238453B000546899 /* OshViewController.swift in Sources */ = {isa = PBXBuildFile; fileRef = E0E70D49238453B000546899 /* OshViewController.swift */; };
		E0E70D4C23845A7200546899 /* NarynViewController.swift in Sources */ = {isa = PBXBuildFile; fileRef = E0E70D4B23845A7200546899 /* NarynViewController.swift */; };
		E0E70D4F23851A4900546899 /* BatkenViewController.swift in Sources */ = {isa = PBXBuildFile; fileRef = E0E70D4E23851A4900546899 /* BatkenViewController.swift */; };
/* End PBXBuildFile section */

/* Begin PBXFileReference section */
		E0E70D252382C1FB00546899 /* Weathery.app */ = {isa = PBXFileReference; explicitFileType = wrapper.application; includeInIndex = 0; path = Weathery.app; sourceTree = BUILT_PRODUCTS_DIR; };
		E0E70D282382C1FB00546899 /* AppDelegate.swift */ = {isa = PBXFileReference; lastKnownFileType = sourcecode.swift; path = AppDelegate.swift; sourceTree = "<group>"; };
		E0E70D2A2382C1FB00546899 /* SceneDelegate.swift */ = {isa = PBXFileReference; lastKnownFileType = sourcecode.swift; path = SceneDelegate.swift; sourceTree = "<group>"; };
		E0E70D2F2382C1FB00546899 /* Base */ = {isa = PBXFileReference; lastKnownFileType = file.storyboard; name = Base; path = Base.lproj/Main.storyboard; sourceTree = "<group>"; };
		E0E70D312382C20000546899 /* Assets.xcassets */ = {isa = PBXFileReference; lastKnownFileType = folder.assetcatalog; path = Assets.xcassets; sourceTree = "<group>"; };
		E0E70D342382C20000546899 /* Base */ = {isa = PBXFileReference; lastKnownFileType = file.storyboard; name = Base; path = Base.lproj/LaunchScreen.storyboard; sourceTree = "<group>"; };
		E0E70D362382C20000546899 /* Info.plist */ = {isa = PBXFileReference; lastKnownFileType = text.plist.xml; path = Info.plist; sourceTree = "<group>"; };
		E0E70D432382DB2800546899 /* CurrentWeatherViewController.swift */ = {isa = PBXFileReference; lastKnownFileType = sourcecode.swift; path = CurrentWeatherViewController.swift; sourceTree = "<group>"; };
		E0E70D452384236200546899 /* IssykKolViewController.swift */ = {isa = PBXFileReference; lastKnownFileType = sourcecode.swift; path = IssykKolViewController.swift; sourceTree = "<group>"; };
		E0E70D49238453B000546899 /* OshViewController.swift */ = {isa = PBXFileReference; lastKnownFileType = sourcecode.swift; path = OshViewController.swift; sourceTree = "<group>"; };
		E0E70D4B23845A7200546899 /* NarynViewController.swift */ = {isa = PBXFileReference; lastKnownFileType = sourcecode.swift; path = NarynViewController.swift; sourceTree = "<group>"; };
		E0E70D4E23851A4900546899 /* BatkenViewController.swift */ = {isa = PBXFileReference; lastKnownFileType = sourcecode.swift; path = BatkenViewController.swift; sourceTree = "<group>"; };
/* End PBXFileReference section */

/* Begin PBXFrameworksBuildPhase section */
		E0E70D222382C1FB00546899 /* Frameworks */ = {
			isa = PBXFrameworksBuildPhase;
			buildActionMask = 2147483647;
			files = (
			);
			runOnlyForDeploymentPostprocessing = 0;
		};
/* End PBXFrameworksBuildPhase section */

/* Begin PBXGroup section */
		E0E70D1C2382C1FB00546899 = {
			isa = PBXGroup;
			children = (
				E0E70D272382C1FB00546899 /* Weathery */,
				E0E70D262382C1FB00546899 /* Products */,
			);
			sourceTree = "<group>";
		};
		E0E70D262382C1FB00546899 /* Products */ = {
			isa = PBXGroup;
			children = (
				E0E70D252382C1FB00546899 /* Weathery.app */,
			);
			name = Products;
			sourceTree = "<group>";
		};
		E0E70D272382C1FB00546899 /* Weathery */ = {
			isa = PBXGroup;
			children = (
				E0E70D282382C1FB00546899 /* AppDelegate.swift */,
				E0E70D4D23845E8F00546899 /* Cities */,
				E0E70D2A2382C1FB00546899 /* SceneDelegate.swift */,
				E0E70D2E2382C1FB00546899 /* Main.storyboard */,
				E0E70D312382C20000546899 /* Assets.xcassets */,
				E0E70D332382C20000546899 /* LaunchScreen.storyboard */,
				E0E70D362382C20000546899 /* Info.plist */,
			);
			path = Weathery;
			sourceTree = "<group>";
		};
		E0E70D4D23845E8F00546899 /* Cities */ = {
			isa = PBXGroup;
			children = (
				E0E70D432382DB2800546899 /* CurrentWeatherViewController.swift */,
				E0E70D452384236200546899 /* IssykKolViewController.swift */,
				E0E70D49238453B000546899 /* OshViewController.swift */,
				E0E70D4E23851A4900546899 /* BatkenViewController.swift */,
				E0E70D4B23845A7200546899 /* NarynViewController.swift */,
			);
			path = Cities;
			sourceTree = "<group>";
		};
/* End PBXGroup section */

/* Begin PBXNativeTarget section */
		E0E70D242382C1FB00546899 /* Weathery */ = {
			isa = PBXNativeTarget;
			buildConfigurationList = E0E70D392382C20000546899 /* Build configuration list for PBXNativeTarget "Weathery" */;
			buildPhases = (
				E0E70D212382C1FB00546899 /* Sources */,
				E0E70D222382C1FB00546899 /* Frameworks */,
				E0E70D232382C1FB00546899 /* Resources */,
			);
			buildRules = (
			);
			dependencies = (
			);
			name = Weathery;
			productName = Weathery;
			productReference = E0E70D252382C1FB00546899 /* Weathery.app */;
			productType = "com.apple.product-type.application";
		};
/* End PBXNativeTarget section */

/* Begin PBXProject section */
		E0E70D1D2382C1FB00546899 /* Project object */ = {
			isa = PBXProject;
			attributes = {
				LastSwiftUpdateCheck = 1110;
				LastUpgradeCheck = 1110;
				ORGANIZATIONNAME = "Nurzhan Ababakirov";
				TargetAttributes = {
					E0E70D242382C1FB00546899 = {
						CreatedOnToolsVersion = 11.1;
					};
				};
			};
			buildConfigurationList = E0E70D202382C1FB00546899 /* Build configuration list for PBXProject "Weathery" */;
			compatibilityVersion = "Xcode 9.3";
			developmentRegion = en;
			hasScannedForEncodings = 0;
			knownRegions = (
				en,
				Base,
			);
			mainGroup = E0E70D1C2382C1FB00546899;
			productRefGroup = E0E70D262382C1FB00546899 /* Products */;
			projectDirPath = "";
			projectRoot = "";
			targets = (
				E0E70D242382C1FB00546899 /* Weathery */,
			);
		};
/* End PBXProject section */

/* Begin PBXResourcesBuildPhase section */
		E0E70D232382C1FB00546899 /* Resources */ = {
			isa = PBXResourcesBuildPhase;
			buildActionMask = 2147483647;
			files = (
				E0E70D352382C20000546899 /* LaunchScreen.storyboard in Resources */,
				E0E70D322382C20000546899 /* Assets.xcassets in Resources */,
				E0E70D302382C1FB00546899 /* Main.storyboard in Resources */,
			);
			runOnlyForDeploymentPostprocessing = 0;
		};
/* End PBXResourcesBuildPhase section */

/* Begin PBXSourcesBuildPhase section */
		E0E70D212382C1FB00546899 /* Sources */ = {
			isa = PBXSourcesBuildPhase;
			buildActionMask = 2147483647;
			files = (
				E0E70D4A238453B000546899 /* OshViewController.swift in Sources */,
				E0E70D4C23845A7200546899 /* NarynViewController.swift in Sources */,
				E0E70D292382C1FB00546899 /* AppDelegate.swift in Sources */,
				E0E70D2B2382C1FB00546899 /* SceneDelegate.swift in Sources */,
				E0E70D442382DB2800546899 /* CurrentWeatherViewController.swift in Sources */,
				E0E70D4F23851A4900546899 /* BatkenViewController.swift in Sources */,
				E0E70D462384236200546899 /* IssykKolViewController.swift in Sources */,
			);
			runOnlyForDeploymentPostprocessing = 0;
		};
/* End PBXSourcesBuildPhase section */

/* Begin PBXVariantGroup section */
		E0E70D2E2382C1FB00546899 /* Main.storyboard */ = {
			isa = PBXVariantGroup;
			children = (
				E0E70D2F2382C1FB00546899 /* Base */,
			);
			name = Main.storyboard;
			sourceTree = "<group>";
		};
		E0E70D332382C20000546899 /* LaunchScreen.storyboard */ = {
			isa = PBXVariantGroup;
			children = (
				E0E70D342382C20000546899 /* Base */,
			);
			name = LaunchScreen.storyboard;
			sourceTree = "<group>";
		};
/* End PBXVariantGroup section */

/* Begin XCBuildConfiguration section */
		E0E70D372382C20000546899 /* Debug */ = {
			isa = XCBuildConfiguration;
			buildSettings = {
				ALWAYS_SEARCH_USER_PATHS = NO;
				CLANG_ANALYZER_NONNULL = YES;
				CLANG_ANALYZER_NUMBER_OBJECT_CONVERSION = YES_AGGRESSIVE;
				CLANG_CXX_LANGUAGE_STANDARD = "gnu++14";
				CLANG_CXX_LIBRARY = "libc++";
				CLANG_ENABLE_MODULES = YES;
				CLANG_ENABLE_OBJC_ARC = YES;
				CLANG_ENABLE_OBJC_WEAK = YES;
				CLANG_WARN_BLOCK_CAPTURE_AUTORELEASING = YES;
				CLANG_WARN_BOOL_CONVERSION = YES;
				CLANG_WARN_COMMA = YES;
				CLANG_WARN_CONSTANT_CONVERSION = YES;
				CLANG_WARN_DEPRECATED_OBJC_IMPLEMENTATIONS = YES;
				CLANG_WARN_DIRECT_OBJC_ISA_USAGE = YES_ERROR;
				CLANG_WARN_DOCUMENTATION_COMMENTS = YES;
				CLANG_WARN_EMPTY_BODY = YES;
				CLANG_WARN_ENUM_CONVERSION = YES;
				CLANG_WARN_INFINITE_RECURSION = YES;
				CLANG_WARN_INT_CONVERSION = YES;
				CLANG_WARN_NON_LITERAL_NULL_CONVERSION = YES;
				CLANG_WARN_OBJC_IMPLICIT_RETAIN_SELF = YES;
				CLANG_WARN_OBJC_LITERAL_CONVERSION = YES;
				CLANG_WARN_OBJC_ROOT_CLASS = YES_ERROR;
				CLANG_WARN_RANGE_LOOP_ANALYSIS = YES;
				CLANG_WARN_STRICT_PROTOTYPES = YES;
				CLANG_WARN_SUSPICIOUS_MOVE = YES;
				CLANG_WARN_UNGUARDED_AVAILABILITY = YES_AGGRESSIVE;
				CLANG_WARN_UNREACHABLE_CODE = YES;
				CLANG_WARN__DUPLICATE_METHOD_MATCH = YES;
				COPY_PHASE_STRIP = NO;
				DEBUG_INFORMATION_FORMAT = dwarf;
				ENABLE_STRICT_OBJC_MSGSEND = YES;
				ENABLE_TESTABILITY = YES;
				GCC_C_LANGUAGE_STANDARD = gnu11;
				GCC_DYNAMIC_NO_PIC = NO;
				GCC_NO_COMMON_BLOCKS = YES;
				GCC_OPTIMIZATION_LEVEL = 0;
				GCC_PREPROCESSOR_DEFINITIONS = (
					"DEBUG=1",
					"$(inherited)",
				);
				GCC_WARN_64_TO_32_BIT_CONVERSION = YES;
				GCC_WARN_ABOUT_RETURN_TYPE = YES_ERROR;
				GCC_WARN_UNDECLARED_SELECTOR = YES;
				GCC_WARN_UNINITIALIZED_AUTOS = YES_AGGRESSIVE;
				GCC_WARN_UNUSED_FUNCTION = YES;
				GCC_WARN_UNUSED_VARIABLE = YES;
				IPHONEOS_DEPLOYMENT_TARGET = 13.1;
				MTL_ENABLE_DEBUG_INFO = INCLUDE_SOURCE;
				MTL_FAST_MATH = YES;
				ONLY_ACTIVE_ARCH = YES;
				SDKROOT = iphoneos;
				SWIFT_ACTIVE_COMPILATION_CONDITIONS = DEBUG;
				SWIFT_OPTIMIZATION_LEVEL = "-Onone";
			};
			name = Debug;
		};
		E0E70D382382C20000546899 /* Release */ = {
			isa = XCBuildConfiguration;
			buildSettings = {
				ALWAYS_SEARCH_USER_PATHS = NO;
				CLANG_ANALYZER_NONNULL = YES;
				CLANG_ANALYZER_NUMBER_OBJECT_CONVERSION = YES_AGGRESSIVE;
				CLANG_CXX_LANGUAGE_STANDARD = "gnu++14";
				CLANG_CXX_LIBRARY = "libc++";
				CLANG_ENABLE_MODULES = YES;
				CLANG_ENABLE_OBJC_ARC = YES;
				CLANG_ENABLE_OBJC_WEAK = YES;
				CLANG_WARN_BLOCK_CAPTURE_AUTORELEASING = YES;
				CLANG_WARN_BOOL_CONVERSION = YES;
				CLANG_WARN_COMMA = YES;
				CLANG_WARN_CONSTANT_CONVERSION = YES;
				CLANG_WARN_DEPRECATED_OBJC_IMPLEMENTATIONS = YES;
				CLANG_WARN_DIRECT_OBJC_ISA_USAGE = YES_ERROR;
				CLANG_WARN_DOCUMENTATION_COMMENTS = YES;
				CLANG_WARN_EMPTY_BODY = YES;
				CLANG_WARN_ENUM_CONVERSION = YES;
				CLANG_WARN_INFINITE_RECURSION = YES;
				CLANG_WARN_INT_CONVERSION = YES;
				CLANG_WARN_NON_LITERAL_NULL_CONVERSION = YES;
				CLANG_WARN_OBJC_IMPLICIT_RETAIN_SELF = YES;
				CLANG_WARN_OBJC_LITERAL_CONVERSION = YES;
				CLANG_WARN_OBJC_ROOT_CLASS = YES_ERROR;
				CLANG_WARN_RANGE_LOOP_ANALYSIS = YES;
				CLANG_WARN_STRICT_PROTOTYPES = YES;
				CLANG_WARN_SUSPICIOUS_MOVE = YES;
				CLANG_WARN_UNGUARDED_AVAILABILITY = YES_AGGRESSIVE;
				CLANG_WARN_UNREACHABLE_CODE = YES;
				CLANG_WARN__DUPLICATE_METHOD_MATCH = YES;
				COPY_PHASE_STRIP = NO;
				DEBUG_INFORMATION_FORMAT = "dwarf-with-dsym";
				ENABLE_NS_ASSERTIONS = NO;
				ENABLE_STRICT_OBJC_MSGSEND = YES;
				GCC_C_LANGUAGE_STANDARD = gnu11;
				GCC_NO_COMMON_BLOCKS = YES;
				GCC_WARN_64_TO_32_BIT_CONVERSION = YES;
				GCC_WARN_ABOUT_RETURN_TYPE = YES_ERROR;
				GCC_WARN_UNDECLARED_SELECTOR = YES;
				GCC_WARN_UNINITIALIZED_AUTOS = YES_AGGRESSIVE;
				GCC_WARN_UNUSED_FUNCTION = YES;
				GCC_WARN_UNUSED_VARIABLE = YES;
				IPHONEOS_DEPLOYMENT_TARGET = 13.1;
				MTL_ENABLE_DEBUG_INFO = NO;
				MTL_FAST_MATH = YES;
				SDKROOT = iphoneos;
				SWIFT_COMPILATION_MODE = wholemodule;
				SWIFT_OPTIMIZATION_LEVEL = "-O";
				VALIDATE_PRODUCT = YES;
			};
			name = Release;
		};
		E0E70D3A2382C20000546899 /* Debug */ = {
			isa = XCBuildConfiguration;
			buildSettings = {
				ASSETCATALOG_COMPILER_APPICON_NAME = AppIcon;
				CODE_SIGN_STYLE = Automatic;
				DEVELOPMENT_TEAM = PDT8ZAMYY2;
				INFOPLIST_FILE = Weathery/Info.plist;
				LD_RUNPATH_SEARCH_PATHS = (
					"$(inherited)",
					"@executable_path/Frameworks",
				);
				PRODUCT_BUNDLE_IDENTIFIER = neobis.Weathery;
				PRODUCT_NAME = "$(TARGET_NAME)";
				SWIFT_VERSION = 5.0;
				TARGETED_DEVICE_FAMILY = "1,2";
			};
			name = Debug;
		};
		E0E70D3B2382C20000546899 /* Release */ = {
			isa = XCBuildConfiguration;
			buildSettings = {
				ASSETCATALOG_COMPILER_APPICON_NAME = AppIcon;
				CODE_SIGN_STYLE = Automatic;
				DEVELOPMENT_TEAM = PDT8ZAMYY2;
				INFOPLIST_FILE = Weathery/Info.plist;
				LD_RUNPATH_SEARCH_PATHS = (
					"$(inherited)",
					"@executable_path/Frameworks",
				);
				PRODUCT_BUNDLE_IDENTIFIER = neobis.Weathery;
				PRODUCT_NAME = "$(TARGET_NAME)";
				SWIFT_VERSION = 5.0;
				TARGETED_DEVICE_FAMILY = "1,2";
			};
			name = Release;
		};
/* End XCBuildConfiguration section */

/* Begin XCConfigurationList section */
		E0E70D202382C1FB00546899 /* Build configuration list for PBXProject "Weathery" */ = {
			isa = XCConfigurationList;
			buildConfigurations = (
				E0E70D372382C20000546899 /* Debug */,
				E0E70D382382C20000546899 /* Release */,
			);
			defaultConfigurationIsVisible = 0;
			defaultConfigurationName = Release;
		};
		E0E70D392382C20000546899 /* Build configuration list for PBXNativeTarget "Weathery" */ = {
			isa = XCConfigurationList;
			buildConfigurations = (
				E0E70D3A2382C20000546899 /* Debug */,
				E0E70D3B2382C20000546899 /* Release */,
			);
			defaultConfigurationIsVisible = 0;
			defaultConfigurationName = Release;
		};
/* End XCConfigurationList section */
	};
	rootObject = E0E70D1D2382C1FB00546899 /* Project object */;
}
